
Microsoft Visual Studio Solution File, Format Version 12.00
# Visual Studio Version 17
VisualStudioVersion = 17.8.34525.116
MinimumVisualStudioVersion = 10.0.40219.1
Project("{FAE04EC0-301F-11D3-BF4B-00C04F79EFBC}") = "TaskManagementApplication", "TaskManagementApplication\TaskManagementApplication.csproj", "{969098E1-7554-4D4D-BBFD-13609C18082C}"
EndProject
Global
	GlobalSection(SolutionConfigurationPlatforms) = preSolution
		Debug|Any CPU = Debug|Any CPU
		Release|Any CPU = Release|Any CPU
	EndGlobalSection
	GlobalSection(ProjectConfigurationPlatforms) = postSolution
		{969098E1-7554-4D4D-BBFD-13609C18082C}.Debug|Any CPU.ActiveCfg = Debug|Any CPU
		{969098E1-7554-4D4D-BBFD-13609C18082C}.Debug|Any CPU.Build.0 = Debug|Any CPU
		{969098E1-7554-4D4D-BBFD-13609C18082C}.Release|Any CPU.ActiveCfg = Release|Any CPU
		{969098E1-7554-4D4D-BBFD-13609C18082C}.Release|Any CPU.Build.0 = Release|Any CPU
	EndGlobalSection
	GlobalSection(SolutionProperties) = preSolution
		HideSolutionNode = FALSE
	EndGlobalSection
	GlobalSection(ExtensibilityGlobals) = postSolution
		SolutionGuid = {AFCCC848-39D5-4F19-BC9A-8B87982CEB0B}
	EndGlobalSection
EndGlobal
